{
  "name": "spendsmart",
  "lockfileVersion": 3,
  "requires": true,
  "packages": {
    "": {
      "dependencies": {
        "zod-validation-error": "^5.0.0"
      }
    },
    "node_modules/zod": {
      "version": "4.4.3",
      "resolved": "https://registry.npmjs.org/zod/-/zod-4.4.3.tgz",
      "integrity": "sha512-ytENFjIJFl2UwYglde2jchW2Hwm4GJFLDiSXWdTrJQBIN9Fcyp7n4DhxJEiWNAJMV1/BqWfW/kkg71UDcHJyTQ==",
      "license": "MIT",
      "peer": true,
      "funding": {
        "url": "https://github.com/sponsors/colinhacks"
      }
    },
    "node_modules/zod-validation-error": {
      "version": "5.0.0",
      "resolved": "https://registry.npmjs.org/zod-validation-error/-/zod-validation-error-5.0.0.tgz",
      "integrity": "sha512-hmk+pkyKq7Q71PiWVSDUc3VfpzpvcRHZ3QPw9yEMVvmtCekaMeOHnbr3WbxfrgEnQTv6haGP4cmv0Ojmihzsxw==",
      "license": "MIT",
      "engines": {
        "node": ">=18.0.0"
      },
      "peerDependencies": {
        "zod": "^3.25.0 || ^4.0.0"
      }
    }
  }
}
